// !$*UTF8*$!
{
	archiveVersion = 1;
	classes = {
	};
	objectVersion = 77;
	objects = {

/* Begin PBXContainerItemProxy section */
		350616BF2EAD412B00D35875 /* PBXContainerItemProxy */ = {
			isa = PBXContainerItemProxy;
			containerPortal = 350616A82EAD412B00D35875 /* Project object */;
			proxyType = 1;
			remoteGlobalIDString = 350616AF2EAD412B00D35875;
			remoteInfo = "Yes Chef";
		};
		350616C92EAD412B00D35875 /* PBXContainerItemProxy */ = {
			isa = PBXContainerItemProxy;
			containerPortal = 350616A82EAD412B00D35875 /* Project object */;
			proxyType = 1;
			remoteGlobalIDString = 350616AF2EAD412B00D35875;
			remoteInfo = "Yes Chef";
		};
/* End PBXContainerItemProxy section */

/* Begin PBXFileReference section */
		350616B02EAD412B00D35875 /* Yes Chef.app */ = {isa = PBXFileReference; explicitFileType = wrapper.application; includeInIndex = 0; path = "Yes Chef.app"; sourceTree = BUILT_PRODUCTS_DIR; };
		350616BE2EAD412B00D35875 /* Yes ChefTests.xctest */ = {isa = PBXFileReference; explicitFileType = wrapper.cfbundle; includeInIndex = 0; path = "Yes ChefTests.xctest"; sourceTree = BUILT_PRODUCTS_DIR; };
		350616C82EAD412B00D35875 /* Yes ChefUITests.xctest */ = {isa = PBXFileReference; explicitFileType = wrapper.cfbundle; includeInIndex = 0; path = "Yes ChefUITests.xctest"; sourceTree = BUILT_PRODUCTS_DIR; };
/* End PBXFileReference section */

/* Begin PBXFileSystemSynchronizedRootGroup section */
		350616B22EAD412B00D35875 /* Yes Chef */ = {
			isa = PBXFileSystemSynchronizedRootGroup;
			path = "Yes Chef";
			sourceTree = "<group>";
		};
		350616C12EAD412B00D35875 /* Yes ChefTests */ = {
			isa = PBXFileSystemSynchronizedRootGroup;
			path = "Yes ChefTests";
			sourceTree = "<group>";
		};
		350616CB2EAD412B00D35875 /* Yes ChefUITests */ = {
			isa = PBXFileSystemSynchronizedRootGroup;
			path = "Yes ChefUITests";
			sourceTree = "<group>";
		};
/* End PBXFileSystemSynchronizedRootGroup section */

/* Begin PBXFrameworksBuildPhase section */
		350616AD2EAD412B00D35875 /* Frameworks */ = {
			isa = PBXFrameworksBuildPhase;
			buildActionMask = 2147483647;
			files = (
			);
			runOnlyForDeploymentPostprocessing = 0;
		};
		350616BB2EAD412B00D35875 /* Frameworks */ = {
			isa = PBXFrameworksBuildPhase;
			buildActionMask = 2147483647;
			files = (
			);
			runOnlyForDeploymentPostprocessing = 0;
		};
		350616C52EAD412B00D35875 /* Frameworks */ = {
			isa = PBXFrameworksBuildPhase;
			buildActionMask = 2147483647;
			files = (
			);
			runOnlyForDeploymentPostprocessing = 0;
		};
/* End PBXFrameworksBuildPhase section */

/* Begin PBXGroup section */
		350616A72EAD412B00D35875 = {
			isa = PBXGroup;
			children = (
				350616B22EAD412B00D35875 /* Yes Chef */,
				350616C12EAD412B00D35875 /* Yes ChefTests */,
				350616CB2EAD412B00D35875 /* Yes ChefUITests */,
				350616B12EAD412B00D35875 /* Products */,
			);
			sourceTree = "<group>";
		};
		350616B12EAD412B00D35875 /* Products */ = {
			isa = PBXGroup;
			children = (
				350616B02EAD412B00D35875 /* Yes Chef.app */,
				350616BE2EAD412B00D35875 /* Yes ChefTests.xctest */,
				350616C82EAD412B00D35875 /* Yes ChefUITests.xctest */,
			);
			name = Products;
			sourceTree = "<group>";
		};
/* End PBXGroup section */

/* Begin PBXNativeTarget section */
		350616AF2EAD412B00D35875 /* Yes Chef */ = {
			isa = PBXNativeTarget;
			buildConfigurationList = 350616D22EAD412B00D35875 /* Build configuration list for PBXNativeTarget "Yes Chef" */;
			buildPhases = (
				350616AC2EAD412B00D35875 /* Sources */,
				350616AD2EAD412B00D35875 /* Frameworks */,
				350616AE2EAD412B00D35875 /* Resources */,
			);
			buildRules = (
			);
			dependencies = (
				35E8E7222EB7A46100373867 /* PBXTargetDependency */,
			);
			fileSystemSynchronizedGroups = (
				350616B22EAD412B00D35875 /* Yes Chef */,
			);
			name = "Yes Chef";
			packageProductDependencies = (
			);
			productName = "Yes Chef";
			productReference = 350616B02EAD412B00D35875 /* Yes Chef.app */;
			productType = "com.apple.product-type.application";
		};
		350616BD2EAD412B00D35875 /* Yes ChefTests */ = {
			isa = PBXNativeTarget;
			buildConfigurationList = 350616D52EAD412B00D35875 /* Build configuration list for PBXNativeTarget "Yes ChefTests" */;
			buildPhases = (
				350616BA2EAD412B00D35875 /* Sources */,
				350616BB2EAD412B00D35875 /* Frameworks */,
				350616BC2EAD412B00D35875 /* Resources */,
			);
			buildRules = (
			);
			dependencies = (
				350616C02EAD412B00D35875 /* PBXTargetDependency */,
			);
			fileSystemSynchronizedGroups = (
				350616C12EAD412B00D35875 /* Yes ChefTests */,
			);
			name = "Yes ChefTests";
			packageProductDependencies = (
			);
			productName = "Yes ChefTests";
			productReference = 350616BE2EAD412B00D35875 /* Yes ChefTests.xctest */;
			productType = "com.apple.product-type.bundle.unit-test";
		};
		350616C72EAD412B00D35875 /* Yes ChefUITests */ = {
			isa = PBXNativeTarget;
			buildConfigurationList = 350616D82EAD412B00D35875 /* Build configuration list for PBXNativeTarget "Yes ChefUITests" */;
			buildPhases = (
				350616C42EAD412B00D35875 /* Sources */,
				350616C52EAD412B00D35875 /* Frameworks */,
				350616C62EAD412B00D35875 /* Resources */,
			);
			buildRules = (
			);
			dependencies = (
				350616CA2EAD412B00D35875 /* PBXTargetDependency */,
			);
			fileSystemSynchronizedGroups = (
				350616CB2EAD412B00D35875 /* Yes ChefUITests */,
			);
			name = "Yes ChefUITests";
			packageProductDependencies = (
			);
			productName = "Yes ChefUITests";
			productReference = 350616C82EAD412B00D35875 /* Yes ChefUITests.xctest */;
			productType = "com.apple.product-type.bundle.ui-testing";
		};
/* End PBXNativeTarget section */

/* Begin PBXProject section */
		350616A82EAD412B00D35875 /* Project object */ = {
			isa = PBXProject;
			attributes = {
				BuildIndependentTargetsInParallel = 1;
				LastSwiftUpdateCheck = 1640;
				LastUpgradeCheck = 1640;
				TargetAttributes = {
					350616AF2EAD412B00D35875 = {
						CreatedOnToolsVersion = 16.4;
					};
					350616BD2EAD412B00D35875 = {
						CreatedOnToolsVersion = 16.4;
						TestTargetID = 350616AF2EAD412B00D35875;
					};
					350616C72EAD412B00D35875 = {
						CreatedOnToolsVersion = 16.4;
						TestTargetID = 350616AF2EAD412B00D35875;
					};
				};
			};
			buildConfigurationList = 350616AB2EAD412B00D35875 /* Build configuration list for PBXProject "Yes Chef" */;
			developmentRegion = en;
			hasScannedForEncodings = 0;
			knownRegions = (
				en,
				Base,
			);
			mainGroup = 350616A72EAD412B00D35875;
			minimizedProjectReferenceProxies = 1;
			packageReferences = (
				35E8E7202EB7A3C200373867 /* XCRemoteSwiftPackageReference "swift-realtime-openai" */,
			);
			preferredProjectObjectVersion = 77;
			productRefGroup = 350616B12EAD412B00D35875 /* Products */;
			projectDirPath = "";
			projectRoot = "";
			targets = (
				350616AF2EAD412B00D35875 /* Yes Chef */,
				350616BD2EAD412B00D35875 /* Yes ChefTests */,
				350616C72EAD412B00D35875 /* Yes ChefUITests */,
			);
		};
/* End PBXProject section */

/* Begin PBXResourcesBuildPhase section */
		350616AE2EAD412B00D35875 /* Resources */ = {
			isa = PBXResourcesBuildPhase;
			buildActionMask = 2147483647;
			files = (
			);
			runOnlyForDeploymentPostprocessing = 0;
		};
		350616BC2EAD412B00D35875 /* Resources */ = {
			isa = PBXResourcesBuildPhase;
			buildActionMask = 2147483647;
			files = (
			);
			runOnlyForDeploymentPostprocessing = 0;
		};
		350616C62EAD412B00D35875 /* Resources */ = {
			isa = PBXResourcesBuildPhase;
			buildActionMask = 2147483647;
			files = (
			);
			runOnlyForDeploymentPostprocessing = 0;
		};
/* End PBXResourcesBuildPhase section */

/* Begin PBXSourcesBuildPhase section */
		350616AC2EAD412B00D35875 /* Sources */ = {
			isa = PBXSourcesBuildPhase;
			buildActionMask = 2147483647;
			files = (
			);
			runOnlyForDeploymentPostprocessing = 0;
		};
		350616BA2EAD412B00D35875 /* Sources */ = {
			isa = PBXSourcesBuildPhase;
			buildActionMask = 2147483647;
			files = (
			);
			runOnlyForDeploymentPostprocessing = 0;
		};
		350616C42EAD412B00D35875 /* Sources */ = {
			isa = PBXSourcesBuildPhase;
			buildActionMask = 2147483647;
			files = (
			);
			runOnlyForDeploymentPostprocessing = 0;
		};
/* End PBXSourcesBuildPhase section */

/* Begin PBXTargetDependency section */
		350616C02EAD412B00D35875 /* PBXTargetDependency */ = {
			isa = PBXTargetDependency;
			target = 350616AF2EAD412B00D35875 /* Yes Chef */;
			targetProxy = 350616BF2EAD412B00D35875 /* PBXContainerItemProxy */;
		};
		350616CA2EAD412B00D35875 /* PBXTargetDependency */ = {
			isa = PBXTargetDependency;
			target = 350616AF2EAD412B00D35875 /* Yes Chef */;
			targetProxy = 350616C92EAD412B00D35875 /* PBXContainerItemProxy */;
		};
		35E8E7222EB7A46100373867 /* PBXTargetDependency */ = {
			isa = PBXTargetDependency;
			productRef = 35E8E7212EB7A46100373867 /* RealtimeAPI */;
		};
/* End PBXTargetDependency section */

/* Begin XCBuildConfiguration section */
		350616D02EAD412B00D35875 /* Debug */ = {
			isa = XCBuildConfiguration;
			buildSettings = {
				ALWAYS_SEARCH_USER_PATHS = NO;
				ASSETCATALOG_COMPILER_GENERATE_SWIFT_ASSET_SYMBOL_EXTENSIONS = YES;
				CLANG_ANALYZER_NONNULL = YES;
				CLANG_ANALYZER_NUMBER_OBJECT_CONVERSION = YES_AGGRESSIVE;
				CLANG_CXX_LANGUAGE_STANDARD = "gnu++20";
				CLANG_ENABLE_MODULES = YES;
				CLANG_ENABLE_OBJC_ARC = YES;
				CLANG_ENABLE_OBJC_WEAK = YES;
				CLANG_WARN_BLOCK_CAPTURE_AUTORELEASING = YES;
				CLANG_WARN_BOOL_CONVERSION = YES;
				CLANG_WARN_COMMA = YES;
				CLANG_WARN_CONSTANT_CONVERSION = YES;
				CLANG_WARN_DEPRECATED_OBJC_IMPLEMENTATIONS = YES;
				CLANG_WARN_DIRECT_OBJC_ISA_USAGE = YES_ERROR;
				CLANG_WARN_DOCUMENTATION_COMMENTS = YES;
				CLANG_WARN_EMPTY_BODY = YES;
				CLANG_WARN_ENUM_CONVERSION = YES;
				CLANG_WARN_INFINITE_RECURSION = YES;
				CLANG_WARN_INT_CONVERSION = YES;
				CLANG_WARN_NON_LITERAL_NULL_CONVERSION = YES;
				CLANG_WARN_OBJC_IMPLICIT_RETAIN_SELF = YES;
				CLANG_WARN_OBJC_LITERAL_CONVERSION = YES;
				CLANG_WARN_OBJC_ROOT_CLASS = YES_ERROR;
				CLANG_WARN_QUOTED_INCLUDE_IN_FRAMEWORK_HEADER = YES;
				CLANG_WARN_RANGE_LOOP_ANALYSIS = YES;
				CLANG_WARN_STRICT_PROTOTYPES = YES;
				CLANG_WARN_SUSPICIOUS_MOVE = YES;
				CLANG_WARN_UNGUARDED_AVAILABILITY = YES_AGGRESSIVE;
				CLANG_WARN_UNREACHABLE_CODE = YES;
				CLANG_WARN__DUPLICATE_METHOD_MATCH = YES;
				COPY_PHASE_STRIP = NO;
				DEBUG_INFORMATION_FORMAT = dwarf;
				DEVELOPMENT_TEAM = 6WY2A6DU5T;
				ENABLE_STRICT_OBJC_MSGSEND = YES;
				ENABLE_TESTABILITY = YES;
				ENABLE_USER_SCRIPT_SANDBOXING = YES;
				GCC_C_LANGUAGE_STANDARD = gnu17;
				GCC_DYNAMIC_NO_PIC = NO;
				GCC_NO_COMMON_BLOCKS = YES;
				GCC_OPTIMIZATION_LEVEL = 0;
				GCC_PREPROCESSOR_DEFINITIONS = (
					"DEBUG=1",
					"$(inherited)",
				);
				GCC_WARN_64_TO_32_BIT_CONVERSION = YES;
				GCC_WARN_ABOUT_RETURN_TYPE = YES_ERROR;
				GCC_WARN_UNDECLARED_SELECTOR = YES;
				GCC_WARN_UNINITIALIZED_AUTOS = YES_AGGRESSIVE;
				GCC_WARN_UNUSED_FUNCTION = YES;
				GCC_WARN_UNUSED_VARIABLE = YES;
				LOCALIZATION_PREFERS_STRING_CATALOGS = YES;
				MTL_ENABLE_DEBUG_INFO = INCLUDE_SOURCE;
				MTL_FAST_MATH = YES;
				ONLY_ACTIVE_ARCH = YES;
				SWIFT_ACTIVE_COMPILATION_CONDITIONS = "DEBUG $(inherited)";
				SWIFT_OPTIMIZATION_LEVEL = "-Onone";
			};
			name = Debug;
		};
		350616D12EAD412B00D35875 /* Release */ = {
			isa = XCBuildConfiguration;
			buildSettings = {
				ALWAYS_SEARCH_USER_PATHS = NO;
				ASSETCATALOG_COMPILER_GENERATE_SWIFT_ASSET_SYMBOL_EXTENSIONS = YES;
				CLANG_ANALYZER_NONNULL = YES;
				CLANG_ANALYZER_NUMBER_OBJECT_CONVERSION = YES_AGGRESSIVE;
				CLANG_CXX_LANGUAGE_STANDARD = "gnu++20";
				CLANG_ENABLE_MODULES = YES;
				CLANG_ENABLE_OBJC_ARC = YES;
				CLANG_ENABLE_OBJC_WEAK = YES;
				CLANG_WARN_BLOCK_CAPTURE_AUTORELEASING = YES;
				CLANG_WARN_BOOL_CONVERSION = YES;
				CLANG_WARN_COMMA = YES;
				CLANG_WARN_CONSTANT_CONVERSION = YES;
				CLANG_WARN_DEPRECATED_OBJC_IMPLEMENTATIONS = YES;
				CLANG_WARN_DIRECT_OBJC_ISA_USAGE = YES_ERROR;
				CLANG_WARN_DOCUMENTATION_COMMENTS = YES;
				CLANG_WARN_EMPTY_BODY = YES;
				CLANG_WARN_ENUM_CONVERSION = YES;
				CLANG_WARN_INFINITE_RECURSION = YES;
				CLANG_WARN_INT_CONVERSION = YES;
				CLANG_WARN_NON_LITERAL_NULL_CONVERSION = YES;
				CLANG_WARN_OBJC_IMPLICIT_RETAIN_SELF = YES;
				CLANG_WARN_OBJC_LITERAL_CONVERSION = YES;
				CLANG_WARN_OBJC_ROOT_CLASS = YES_ERROR;
				CLANG_WARN_QUOTED_INCLUDE_IN_FRAMEWORK_HEADER = YES;
				CLANG_WARN_RANGE_LOOP_ANALYSIS = YES;
				CLANG_WARN_STRICT_PROTOTYPES = YES;
				CLANG_WARN_SUSPICIOUS_MOVE = YES;
				CLANG_WARN_UNGUARDED_AVAILABILITY = YES_AGGRESSIVE;
				CLANG_WARN_UNREACHABLE_CODE = YES;
				CLANG_WARN__DUPLICATE_METHOD_MATCH = YES;
				COPY_PHASE_STRIP = NO;
				DEBUG_INFORMATION_FORMAT = "dwarf-with-dsym";
				DEVELOPMENT_TEAM = 6WY2A6DU5T;
				ENABLE_NS_ASSERTIONS = NO;
				ENABLE_STRICT_OBJC_MSGSEND = YES;
				ENABLE_USER_SCRIPT_SANDBOXING = YES;
				GCC_C_LANGUAGE_STANDARD = gnu17;
				GCC_NO_COMMON_BLOCKS = YES;
				GCC_WARN_64_TO_32_BIT_CONVERSION = YES;
				GCC_WARN_ABOUT_RETURN_TYPE = YES_ERROR;
				GCC_WARN_UNDECLARED_SELECTOR = YES;
				GCC_WARN_UNINITIALIZED_AUTOS = YES_AGGRESSIVE;
				GCC_WARN_UNUSED_FUNCTION = YES;
				GCC_WARN_UNUSED_VARIABLE = YES;
				LOCALIZATION_PREFERS_STRING_CATALOGS = YES;
				MTL_ENABLE_DEBUG_INFO = NO;
				MTL_FAST_MATH = YES;
				SWIFT_COMPILATION_MODE = wholemodule;
			};
			name = Release;
		};
		350616D32EAD412B00D35875 /* Debug */ = {
			isa = XCBuildConfiguration;
			buildSettings = {
				ASSETCATALOG_COMPILER_APPICON_NAME = AppIcon;
				ASSETCATALOG_COMPILER_GLOBAL_ACCENT_COLOR_NAME = AccentColor;
				CODE_SIGN_ENTITLEMENTS = "Yes Chef/Yes_Chef.entitlements";
				CODE_SIGN_STYLE = Automatic;
				CURRENT_PROJECT_VERSION = 1;
				DEVELOPMENT_TEAM = 6WY2A6DU5T;
				ENABLE_HARDENED_RUNTIME = YES;
				ENABLE_PREVIEWS = YES;
				GENERATE_INFOPLIST_FILE = YES;
				"INFOPLIST_KEY_UIApplicationSceneManifest_Generation[sdk=iphoneos*]" = YES;
				"INFOPLIST_KEY_UIApplicationSceneManifest_Generation[sdk=iphonesimulator*]" = YES;
				"INFOPLIST_KEY_UIApplicationSupportsIndirectInputEvents[sdk=iphoneos*]" = YES;
				"INFOPLIST_KEY_UIApplicationSupportsIndirectInputEvents[sdk=iphonesimulator*]" = YES;
				"INFOPLIST_KEY_UILaunchScreen_Generation[sdk=iphoneos*]" = YES;
				"INFOPLIST_KEY_UILaunchScreen_Generation[sdk=iphonesimulator*]" = YES;
				"INFOPLIST_KEY_UIStatusBarStyle[sdk=iphoneos*]" = UIStatusBarStyleDefault;
				"INFOPLIST_KEY_UIStatusBarStyle[sdk=iphonesimulator*]" = UIStatusBarStyleDefault;
				INFOPLIST_KEY_UISupportedInterfaceOrientations_iPad = "UIInterfaceOrientationPortrait UIInterfaceOrientationPortraitUpsideDown UIInterfaceOrientationLandscapeLeft UIInterfaceOrientationLandscapeRight";
				INFOPLIST_KEY_UISupportedInterfaceOrientations_iPhone = "UIInterfaceOrientationPortrait UIInterfaceOrientationLandscapeLeft UIInterfaceOrientationLandscapeRight";
				IPHONEOS_DEPLOYMENT_TARGET = 18.5;
				LD_RUNPATH_SEARCH_PATHS = "@executable_path/Frameworks";
				"LD_RUNPATH_SEARCH_PATHS[sdk=macosx*]" = "@executable_path/../Frameworks";
				MACOSX_DEPLOYMENT_TARGET = 15.5;
				MARKETING_VERSION = 1.0;
				PRODUCT_BUNDLE_IDENTIFIER = "ai.yes-chef.Yes-Chef";
				PRODUCT_NAME = "$(TARGET_NAME)";
				REGISTER_APP_GROUPS = YES;
				SDKROOT = auto;
				SUPPORTED_PLATFORMS = "iphoneos iphonesimulator macosx xros xrsimulator";
				SWIFT_EMIT_LOC_STRINGS = YES;
				SWIFT_VERSION = 5.0;
				TARGETED_DEVICE_FAMILY = "1,2,7";
				XROS_DEPLOYMENT_TARGET = 2.5;
			};
			name = Debug;
		};
		350616D42EAD412B00D35875 /* Release */ = {
			isa = XCBuildConfiguration;
			buildSettings = {
				ASSETCATALOG_COMPILER_APPICON_NAME = AppIcon;
				ASSETCATALOG_COMPILER_GLOBAL_ACCENT_COLOR_NAME = AccentColor;
				CODE_SIGN_ENTITLEMENTS = "Yes Chef/Yes_Chef.entitlements";
				CODE_SIGN_STYLE = Automatic;
				CURRENT_PROJECT_VERSION = 1;
				DEVELOPMENT_TEAM = 6WY2A6DU5T;
				ENABLE_HARDENED_RUNTIME = YES;
				ENABLE_PREVIEWS = YES;
				GENERATE_INFOPLIST_FILE = YES;
				"INFOPLIST_KEY_UIApplicationSceneManifest_Generation[sdk=iphoneos*]" = YES;
				"INFOPLIST_KEY_UIApplicationSceneManifest_Generation[sdk=iphonesimulator*]" = YES;
				"INFOPLIST_KEY_UIApplicationSupportsIndirectInputEvents[sdk=iphoneos*]" = YES;
				"INFOPLIST_KEY_UIApplicationSupportsIndirectInputEvents[sdk=iphonesimulator*]" = YES;
				"INFOPLIST_KEY_UILaunchScreen_Generation[sdk=iphoneos*]" = YES;
				"INFOPLIST_KEY_UILaunchScreen_Generation[sdk=iphonesimulator*]" = YES;
				"INFOPLIST_KEY_UIStatusBarStyle[sdk=iphoneos*]" = UIStatusBarStyleDefault;
				"INFOPLIST_KEY_UIStatusBarStyle[sdk=iphonesimulator*]" = UIStatusBarStyleDefault;
				INFOPLIST_KEY_UISupportedInterfaceOrientations_iPad = "UIInterfaceOrientationPortrait UIInterfaceOrientationPortraitUpsideDown UIInterfaceOrientationLandscapeLeft UIInterfaceOrientationLandscapeRight";
				INFOPLIST_KEY_UISupportedInterfaceOrientations_iPhone = "UIInterfaceOrientationPortrait UIInterfaceOrientationLandscapeLeft UIInterfaceOrientationLandscapeRight";
				IPHONEOS_DEPLOYMENT_TARGET = 18.5;
				LD_RUNPATH_SEARCH_PATHS = "@executable_path/Frameworks";
				"LD_RUNPATH_SEARCH_PATHS[sdk=macosx*]" = "@executable_path/../Frameworks";
				MACOSX_DEPLOYMENT_TARGET = 15.5;
				MARKETING_VERSION = 1.0;
				PRODUCT_BUNDLE_IDENTIFIER = "ai.yes-chef.Yes-Chef";
				PRODUCT_NAME = "$(TARGET_NAME)";
				REGISTER_APP_GROUPS = YES;
				SDKROOT = auto;
				SUPPORTED_PLATFORMS = "iphoneos iphonesimulator macosx xros xrsimulator";
				SWIFT_EMIT_LOC_STRINGS = YES;
				SWIFT_VERSION = 5.0;
				TARGETED_DEVICE_FAMILY = "1,2,7";
				XROS_DEPLOYMENT_TARGET = 2.5;
			};
			name = Release;
		};
		350616D62EAD412B00D35875 /* Debug */ = {
			isa = XCBuildConfiguration;
			buildSettings = {
				BUNDLE_LOADER = "$(TEST_HOST)";
				CODE_SIGN_STYLE = Automatic;
				CURRENT_PROJECT_VERSION = 1;
				DEVELOPMENT_TEAM = 6WY2A6DU5T;
				GENERATE_INFOPLIST_FILE = YES;
				IPHONEOS_DEPLOYMENT_TARGET = 18.5;
				MACOSX_DEPLOYMENT_TARGET = 15.5;
				MARKETING_VERSION = 1.0;
				PRODUCT_BUNDLE_IDENTIFIER = "ai.yes-chef.Yes-ChefTests";
				PRODUCT_NAME = "$(TARGET_NAME)";
				SDKROOT = auto;
				SUPPORTED_PLATFORMS = "iphoneos iphonesimulator macosx xros xrsimulator";
				SWIFT_EMIT_LOC_STRINGS = NO;
				SWIFT_VERSION = 5.0;
				TARGETED_DEVICE_FAMILY = "1,2,7";
				TEST_HOST = "$(BUILT_PRODUCTS_DIR)/Yes Chef.app/$(BUNDLE_EXECUTABLE_FOLDER_PATH)/Yes Chef";
				XROS_DEPLOYMENT_TARGET = 2.5;
			};
			name = Debug;
		};
		350616D72EAD412B00D35875 /* Release */ = {
			isa = XCBuildConfiguration;
			buildSettings = {
				BUNDLE_LOADER = "$(TEST_HOST)";
				CODE_SIGN_STYLE = Automatic;
				CURRENT_PROJECT_VERSION = 1;
				DEVELOPMENT_TEAM = 6WY2A6DU5T;
				GENERATE_INFOPLIST_FILE = YES;
				IPHONEOS_DEPLOYMENT_TARGET = 18.5;
				MACOSX_DEPLOYMENT_TARGET = 15.5;
				MARKETING_VERSION = 1.0;
				PRODUCT_BUNDLE_IDENTIFIER = "ai.yes-chef.Yes-ChefTests";
				PRODUCT_NAME = "$(TARGET_NAME)";
				SDKROOT = auto;
				SUPPORTED_PLATFORMS = "iphoneos iphonesimulator macosx xros xrsimulator";
				SWIFT_EMIT_LOC_STRINGS = NO;
				SWIFT_VERSION = 5.0;
				TARGETED_DEVICE_FAMILY = "1,2,7";
				TEST_HOST = "$(BUILT_PRODUCTS_DIR)/Yes Chef.app/$(BUNDLE_EXECUTABLE_FOLDER_PATH)/Yes Chef";
				XROS_DEPLOYMENT_TARGET = 2.5;
			};
			name = Release;
		};
		350616D92EAD412B00D35875 /* Debug */ = {
			isa = XCBuildConfiguration;
			buildSettings = {
				CODE_SIGN_STYLE = Automatic;
				CURRENT_PROJECT_VERSION = 1;
				DEVELOPMENT_TEAM = 6WY2A6DU5T;
				GENERATE_INFOPLIST_FILE = YES;
				IPHONEOS_DEPLOYMENT_TARGET = 18.5;
				MACOSX_DEPLOYMENT_TARGET = 15.5;
				MARKETING_VERSION = 1.0;
				PRODUCT_BUNDLE_IDENTIFIER = "ai.yes-chef.Yes-ChefUITests";
				PRODUCT_NAME = "$(TARGET_NAME)";
				SDKROOT = auto;
				SUPPORTED_PLATFORMS = "iphoneos iphonesimulator macosx xros xrsimulator";
				SWIFT_EMIT_LOC_STRINGS = NO;
				SWIFT_VERSION = 5.0;
				TARGETED_DEVICE_FAMILY = "1,2,7";
				TEST_TARGET_NAME = "Yes Chef";
				XROS_DEPLOYMENT_TARGET = 2.5;
			};
			name = Debug;
		};
		350616DA2EAD412B00D35875 /* Release */ = {
			isa = XCBuildConfiguration;
			buildSettings = {
				CODE_SIGN_STYLE = Automatic;
				CURRENT_PROJECT_VERSION = 1;
				DEVELOPMENT_TEAM = 6WY2A6DU5T;
				GENERATE_INFOPLIST_FILE = YES;
				IPHONEOS_DEPLOYMENT_TARGET = 18.5;
				MACOSX_DEPLOYMENT_TARGET = 15.5;
				MARKETING_VERSION = 1.0;
				PRODUCT_BUNDLE_IDENTIFIER = "ai.yes-chef.Yes-ChefUITests";
				PRODUCT_NAME = "$(TARGET_NAME)";
				SDKROOT = auto;
				SUPPORTED_PLATFORMS = "iphoneos iphonesimulator macosx xros xrsimulator";
				SWIFT_EMIT_LOC_STRINGS = NO;
				SWIFT_VERSION = 5.0;
				TARGETED_DEVICE_FAMILY = "1,2,7";
				TEST_TARGET_NAME = "Yes Chef";
				XROS_DEPLOYMENT_TARGET = 2.5;
			};
			name = Release;
		};
/* End XCBuildConfiguration section */

/* Begin XCConfigurationList section */
		350616AB2EAD412B00D35875 /* Build configuration list for PBXProject "Yes Chef" */ = {
			isa = XCConfigurationList;
			buildConfigurations = (
				350616D02EAD412B00D35875 /* Debug */,
				350616D12EAD412B00D35875 /* Release */,
			);
			defaultConfigurationIsVisible = 0;
			defaultConfigurationName = Release;
		};
		350616D22EAD412B00D35875 /* Build configuration list for PBXNativeTarget "Yes Chef" */ = {
			isa = XCConfigurationList;
			buildConfigurations = (
				350616D32EAD412B00D35875 /* Debug */,
				350616D42EAD412B00D35875 /* Release */,
			);
			defaultConfigurationIsVisible = 0;
			defaultConfigurationName = Release;
		};
		350616D52EAD412B00D35875 /* Build configuration list for PBXNativeTarget "Yes ChefTests" */ = {
			isa = XCConfigurationList;
			buildConfigurations = (
				350616D62EAD412B00D35875 /* Debug */,
				350616D72EAD412B00D35875 /* Release */,
			);
			defaultConfigurationIsVisible = 0;
			defaultConfigurationName = Release;
		};
		350616D82EAD412B00D35875 /* Build configuration list for PBXNativeTarget "Yes ChefUITests" */ = {
			isa = XCConfigurationList;
			buildConfigurations = (
				350616D92EAD412B00D35875 /* Debug */,
				350616DA2EAD412B00D35875 /* Release */,
			);
			defaultConfigurationIsVisible = 0;
			defaultConfigurationName = Release;
		};
/* End XCConfigurationList section */

/* Begin XCRemoteSwiftPackageReference section */
		35E8E7202EB7A3C200373867 /* XCRemoteSwiftPackageReference "swift-realtime-openai" */ = {
			isa = XCRemoteSwiftPackageReference;
			repositoryURL = "https://github.com/m1guelpf/swift-realtime-openai.git";
			requirement = {
				branch = main;
				kind = branch;
			};
		};
/* End XCRemoteSwiftPackageReference section */

/* Begin XCSwiftPackageProductDependency section */
		35E8E7212EB7A46100373867 /* RealtimeAPI */ = {
			isa = XCSwiftPackageProductDependency;
			package = 35E8E7202EB7A3C200373867 /* XCRemoteSwiftPackageReference "swift-realtime-openai" */;
			productName = RealtimeAPI;
		};
/* End XCSwiftPackageProductDependency section */
	};
	rootObject = 350616A82EAD412B00D35875 /* Project object */;
}
