{
  "originHash" : "198020bc1487ada7fe9ca54cf7294b78199f9d5ab028e1545dd7aa6bca0590cc",
  "pins" : [
    {
      "identity" : "metacodable",
      "kind" : "remoteSourceControl",
      "location" : "https://github.com/SwiftyLab/MetaCodable.git",
      "state" : {
        "revision" : "c2a6cc907e2f95463ba8f2b55432bd2aee8a4bfd",
        "version" : "1.6.0"
      }
    },
    {
      "identity" : "swift-argument-parser",
      "kind" : "remoteSourceControl",
      "location" : "https://github.com/apple/swift-argument-parser.git",
      "state" : {
        "revision" : "c5d11a805e765f52ba34ec7284bd4fcd6ba68615",
        "version" : "1.7.0"
      }
    },
    {
      "identity" : "swift-collections",
      "kind" : "remoteSourceControl",
      "location" : "https://github.com/apple/swift-collections.git",
      "state" : {
        "revision" : "8d9834a6189db730f6264db7556a7ffb751e99ee",
        "version" : "1.4.0"
      }
    },
    {
      "identity" : "swift-realtime-openai",
      "kind" : "remoteSourceControl",
      "location" : "https://github.com/hironaka/swift-realtime-openai.git",
      "state" : {
        "branch" : "main",
        "revision" : "b714a8416b59640a90f59f4be6b63835e0b7cfdf"
      }
    },
    {
      "identity" : "swift-syntax",
      "kind" : "remoteSourceControl",
      "location" : "https://github.com/swiftlang/swift-syntax.git",
      "state" : {
        "revision" : "4799286537280063c85a32f09884cfbca301b1a1",
        "version" : "602.0.0"
      }
    },
    {
      "identity" : "webrtc-xcframework",
      "kind" : "remoteSourceControl",
      "location" : "https://github.com/livekit/webrtc-xcframework.git",
      "state" : {
        "branch" : "main",
        "revision" : "14a945724d81cfe5a8ce331e4af15d205d2afb85"
      }
    }
  ],
  "version" : 3
}
